// !$*UTF8*$!
{
	archiveVersion = 1;
	classes = {
	};
	objectVersion = 56;
	objects = {

/* Begin PBXBuildFile section */
		B6928F842946F799004CCA02 /* EcommerceAssignentAppApp.swift in Sources */ = {isa = PBXBuildFile; fileRef = B6928F832946F799004CCA02 /* EcommerceAssignentAppApp.swift */; };
		B6928F882946F79F004CCA02 /* Assets.xcassets in Resources */ = {isa = PBXBuildFile; fileRef = B6928F872946F79F004CCA02 /* Assets.xcassets */; };
		B6928F8B2946F79F004CCA02 /* Preview Assets.xcassets in Resources */ = {isa = PBXBuildFile; fileRef = B6928F8A2946F79F004CCA02 /* Preview Assets.xcassets */; };
		B6928F952946F7A0004CCA02 /* EcommerceAssignentAppTests.swift in Sources */ = {isa = PBXBuildFile; fileRef = B6928F942946F7A0004CCA02 /* EcommerceAssignentAppTests.swift */; };
		B6928F9F2946F7A0004CCA02 /* EcommerceAssignentAppUITests.swift in Sources */ = {isa = PBXBuildFile; fileRef = B6928F9E2946F7A0004CCA02 /* EcommerceAssignentAppUITests.swift */; };
		B6928FA12946F7A0004CCA02 /* EcommerceAssignentAppUITestsLaunchTests.swift in Sources */ = {isa = PBXBuildFile; fileRef = B6928FA02946F7A0004CCA02 /* EcommerceAssignentAppUITestsLaunchTests.swift */; };
		B6928FBA2946F89B004CCA02 /* NetworkManager.swift in Sources */ = {isa = PBXBuildFile; fileRef = B6928FB62946F89B004CCA02 /* NetworkManager.swift */; };
		B6928FBB2946F89B004CCA02 /* ImagesStorage.swift in Sources */ = {isa = PBXBuildFile; fileRef = B6928FB72946F89B004CCA02 /* ImagesStorage.swift */; };
		B6928FBC2946F89B004CCA02 /* ImageCache.swift in Sources */ = {isa = PBXBuildFile; fileRef = B6928FB82946F89B004CCA02 /* ImageCache.swift */; };
		B6928FBD2946F89B004CCA02 /* ImageLoader.swift in Sources */ = {isa = PBXBuildFile; fileRef = B6928FB92946F89B004CCA02 /* ImageLoader.swift */; };
		B6928FBF2946F8CB004CCA02 /* ProductModel.swift in Sources */ = {isa = PBXBuildFile; fileRef = B6928FBE2946F8CB004CCA02 /* ProductModel.swift */; };
		B6928FC72946F8F5004CCA02 /* Messages.swift in Sources */ = {isa = PBXBuildFile; fileRef = B6928FC12946F8F4004CCA02 /* Messages.swift */; };
		B6928FC82946F8F5004CCA02 /* Products.swift in Sources */ = {isa = PBXBuildFile; fileRef = B6928FC22946F8F5004CCA02 /* Products.swift */; };
		B6928FC92946F8F5004CCA02 /* Price.swift in Sources */ = {isa = PBXBuildFile; fileRef = B6928FC32946F8F5004CCA02 /* Price.swift */; };
		B6928FCA2946F8F5004CCA02 /* PurchaseTypes.swift in Sources */ = {isa = PBXBuildFile; fileRef = B6928FC42946F8F5004CCA02 /* PurchaseTypes.swift */; };
		B6928FCB2946F8F5004CCA02 /* ProductBaseModel.swift in Sources */ = {isa = PBXBuildFile; fileRef = B6928FC52946F8F5004CCA02 /* ProductBaseModel.swift */; };
		B6928FCC2946F8F5004CCA02 /* Sash.swift in Sources */ = {isa = PBXBuildFile; fileRef = B6928FC62946F8F5004CCA02 /* Sash.swift */; };
		B6928FCF2946F962004CCA02 /* CartRow.swift in Sources */ = {isa = PBXBuildFile; fileRef = B6928FCD2946F961004CCA02 /* CartRow.swift */; };
		B6928FD02946F962004CCA02 /* DataStore.swift in Sources */ = {isa = PBXBuildFile; fileRef = B6928FCE2946F961004CCA02 /* DataStore.swift */; };
		B6928FD62946F987004CCA02 /* CartView.swift in Sources */ = {isa = PBXBuildFile; fileRef = B6928FD12946F986004CCA02 /* CartView.swift */; };
		B6928FD72946F987004CCA02 /* ProductsView.swift in Sources */ = {isa = PBXBuildFile; fileRef = B6928FD22946F986004CCA02 /* ProductsView.swift */; };
		B6928FD82946F987004CCA02 /* RatingView.swift in Sources */ = {isa = PBXBuildFile; fileRef = B6928FD32946F986004CCA02 /* RatingView.swift */; };
		B6928FD92946F987004CCA02 /* ProductDetailView.swift in Sources */ = {isa = PBXBuildFile; fileRef = B6928FD42946F986004CCA02 /* ProductDetailView.swift */; };
		B6928FDA2946F987004CCA02 /* ContentView.swift in Sources */ = {isa = PBXBuildFile; fileRef = B6928FD52946F987004CCA02 /* ContentView.swift */; };
		B6928FDD2946F9A5004CCA02 /* ProductListCell.swift in Sources */ = {isa = PBXBuildFile; fileRef = B6928FDB2946F9A5004CCA02 /* ProductListCell.swift */; };
		B6928FDE2946F9A5004CCA02 /* TabBar.swift in Sources */ = {isa = PBXBuildFile; fileRef = B6928FDC2946F9A5004CCA02 /* TabBar.swift */; };
/* End PBXBuildFile section */

/* Begin PBXContainerItemProxy section */
		B6928F912946F7A0004CCA02 /* PBXContainerItemProxy */ = {
			isa = PBXContainerItemProxy;
			containerPortal = B6928F782946F799004CCA02 /* Project object */;
			proxyType = 1;
			remoteGlobalIDString = B6928F7F2946F799004CCA02;
			remoteInfo = EcommerceAssignentApp;
		};
		B6928F9B2946F7A0004CCA02 /* PBXContainerItemProxy */ = {
			isa = PBXContainerItemProxy;
			containerPortal = B6928F782946F799004CCA02 /* Project object */;
			proxyType = 1;
			remoteGlobalIDString = B6928F7F2946F799004CCA02;
			remoteInfo = EcommerceAssignentApp;
		};
/* End PBXContainerItemProxy section */

/* Begin PBXFileReference section */
		B6928F802946F799004CCA02 /* EcommerceAssignentApp.app */ = {isa = PBXFileReference; explicitFileType = wrapper.application; includeInIndex = 0; path = EcommerceAssignentApp.app; sourceTree = BUILT_PRODUCTS_DIR; };
		B6928F832946F799004CCA02 /* EcommerceAssignentAppApp.swift */ = {isa = PBXFileReference; lastKnownFileType = sourcecode.swift; path = EcommerceAssignentAppApp.swift; sourceTree = "<group>"; };
		B6928F872946F79F004CCA02 /* Assets.xcassets */ = {isa = PBXFileReference; lastKnownFileType = folder.assetcatalog; path = Assets.xcassets; sourceTree = "<group>"; };
		B6928F8A2946F79F004CCA02 /* Preview Assets.xcassets */ = {isa = PBXFileReference; lastKnownFileType = folder.assetcatalog; path = "Preview Assets.xcassets"; sourceTree = "<group>"; };
		B6928F902946F7A0004CCA02 /* EcommerceAssignentAppTests.xctest */ = {isa = PBXFileReference; explicitFileType = wrapper.cfbundle; includeInIndex = 0; path = EcommerceAssignentAppTests.xctest; sourceTree = BUILT_PRODUCTS_DIR; };
		B6928F942946F7A0004CCA02 /* EcommerceAssignentAppTests.swift */ = {isa = PBXFileReference; lastKnownFileType = sourcecode.swift; path = EcommerceAssignentAppTests.swift; sourceTree = "<group>"; };
		B6928F9A2946F7A0004CCA02 /* EcommerceAssignentAppUITests.xctest */ = {isa = PBXFileReference; explicitFileType = wrapper.cfbundle; includeInIndex = 0; path = EcommerceAssignentAppUITests.xctest; sourceTree = BUILT_PRODUCTS_DIR; };
		B6928F9E2946F7A0004CCA02 /* EcommerceAssignentAppUITests.swift */ = {isa = PBXFileReference; lastKnownFileType = sourcecode.swift; path = EcommerceAssignentAppUITests.swift; sourceTree = "<group>"; };
		B6928FA02946F7A0004CCA02 /* EcommerceAssignentAppUITestsLaunchTests.swift */ = {isa = PBXFileReference; lastKnownFileType = sourcecode.swift; path = EcommerceAssignentAppUITestsLaunchTests.swift; sourceTree = "<group>"; };
		B6928FB62946F89B004CCA02 /* NetworkManager.swift */ = {isa = PBXFileReference; fileEncoding = 4; lastKnownFileType = sourcecode.swift; path = NetworkManager.swift; sourceTree = "<group>"; };
		B6928FB72946F89B004CCA02 /* ImagesStorage.swift */ = {isa = PBXFileReference; fileEncoding = 4; lastKnownFileType = sourcecode.swift; path = ImagesStorage.swift; sourceTree = "<group>"; };
		B6928FB82946F89B004CCA02 /* ImageCache.swift */ = {isa = PBXFileReference; fileEncoding = 4; lastKnownFileType = sourcecode.swift; path = ImageCache.swift; sourceTree = "<group>"; };
		B6928FB92946F89B004CCA02 /* ImageLoader.swift */ = {isa = PBXFileReference; fileEncoding = 4; lastKnownFileType = sourcecode.swift; path = ImageLoader.swift; sourceTree = "<group>"; };
		B6928FBE2946F8CB004CCA02 /* ProductModel.swift */ = {isa = PBXFileReference; fileEncoding = 4; lastKnownFileType = sourcecode.swift; path = ProductModel.swift; sourceTree = "<group>"; };
		B6928FC12946F8F4004CCA02 /* Messages.swift */ = {isa = PBXFileReference; fileEncoding = 4; lastKnownFileType = sourcecode.swift; path = Messages.swift; sourceTree = "<group>"; };
		B6928FC22946F8F5004CCA02 /* Products.swift */ = {isa = PBXFileReference; fileEncoding = 4; lastKnownFileType = sourcecode.swift; path = Products.swift; sourceTree = "<group>"; };
		B6928FC32946F8F5004CCA02 /* Price.swift */ = {isa = PBXFileReference; fileEncoding = 4; lastKnownFileType = sourcecode.swift; path = Price.swift; sourceTree = "<group>"; };
		B6928FC42946F8F5004CCA02 /* PurchaseTypes.swift */ = {isa = PBXFileReference; fileEncoding = 4; lastKnownFileType = sourcecode.swift; path = PurchaseTypes.swift; sourceTree = "<group>"; };
		B6928FC52946F8F5004CCA02 /* ProductBaseModel.swift */ = {isa = PBXFileReference; fileEncoding = 4; lastKnownFileType = sourcecode.swift; path = ProductBaseModel.swift; sourceTree = "<group>"; };
		B6928FC62946F8F5004CCA02 /* Sash.swift */ = {isa = PBXFileReference; fileEncoding = 4; lastKnownFileType = sourcecode.swift; path = Sash.swift; sourceTree = "<group>"; };
		B6928FCD2946F961004CCA02 /* CartRow.swift */ = {isa = PBXFileReference; fileEncoding = 4; lastKnownFileType = sourcecode.swift; path = CartRow.swift; sourceTree = "<group>"; };
		B6928FCE2946F961004CCA02 /* DataStore.swift */ = {isa = PBXFileReference; fileEncoding = 4; lastKnownFileType = sourcecode.swift; path = DataStore.swift; sourceTree = "<group>"; };
		B6928FD12946F986004CCA02 /* CartView.swift */ = {isa = PBXFileReference; fileEncoding = 4; lastKnownFileType = sourcecode.swift; path = CartView.swift; sourceTree = "<group>"; };
		B6928FD22946F986004CCA02 /* ProductsView.swift */ = {isa = PBXFileReference; fileEncoding = 4; lastKnownFileType = sourcecode.swift; path = ProductsView.swift; sourceTree = "<group>"; };
		B6928FD32946F986004CCA02 /* RatingView.swift */ = {isa = PBXFileReference; fileEncoding = 4; lastKnownFileType = sourcecode.swift; path = RatingView.swift; sourceTree = "<group>"; };
		B6928FD42946F986004CCA02 /* ProductDetailView.swift */ = {isa = PBXFileReference; fileEncoding = 4; lastKnownFileType = sourcecode.swift; path = ProductDetailView.swift; sourceTree = "<group>"; };
		B6928FD52946F987004CCA02 /* ContentView.swift */ = {isa = PBXFileReference; fileEncoding = 4; lastKnownFileType = sourcecode.swift; path = ContentView.swift; sourceTree = "<group>"; };
		B6928FDB2946F9A5004CCA02 /* ProductListCell.swift */ = {isa = PBXFileReference; fileEncoding = 4; lastKnownFileType = sourcecode.swift; path = ProductListCell.swift; sourceTree = "<group>"; };
		B6928FDC2946F9A5004CCA02 /* TabBar.swift */ = {isa = PBXFileReference; fileEncoding = 4; lastKnownFileType = sourcecode.swift; path = TabBar.swift; sourceTree = "<group>"; };
/* End PBXFileReference section */

/* Begin PBXFrameworksBuildPhase section */
		B6928F7D2946F799004CCA02 /* Frameworks */ = {
			isa = PBXFrameworksBuildPhase;
			buildActionMask = 2147483647;
			files = (
			);
			runOnlyForDeploymentPostprocessing = 0;
		};
		B6928F8D2946F7A0004CCA02 /* Frameworks */ = {
			isa = PBXFrameworksBuildPhase;
			buildActionMask = 2147483647;
			files = (
			);
			runOnlyForDeploymentPostprocessing = 0;
		};
		B6928F972946F7A0004CCA02 /* Frameworks */ = {
			isa = PBXFrameworksBuildPhase;
			buildActionMask = 2147483647;
			files = (
			);
			runOnlyForDeploymentPostprocessing = 0;
		};
/* End PBXFrameworksBuildPhase section */

/* Begin PBXGroup section */
		B6928F772946F799004CCA02 = {
			isa = PBXGroup;
			children = (
				B6928F822946F799004CCA02 /* EcommerceAssignentApp */,
				B6928F932946F7A0004CCA02 /* EcommerceAssignentAppTests */,
				B6928F9D2946F7A0004CCA02 /* EcommerceAssignentAppUITests */,
				B6928F812946F799004CCA02 /* Products */,
			);
			sourceTree = "<group>";
		};
		B6928F812946F799004CCA02 /* Products */ = {
			isa = PBXGroup;
			children = (
				B6928F802946F799004CCA02 /* EcommerceAssignentApp.app */,
				B6928F902946F7A0004CCA02 /* EcommerceAssignentAppTests.xctest */,
				B6928F9A2946F7A0004CCA02 /* EcommerceAssignentAppUITests.xctest */,
			);
			name = Products;
			sourceTree = "<group>";
		};
		B6928F822946F799004CCA02 /* EcommerceAssignentApp */ = {
			isa = PBXGroup;
			children = (
				B6928F832946F799004CCA02 /* EcommerceAssignentAppApp.swift */,
				B6928FB52946F7E2004CCA02 /* Data */,
				B6928FB42946F7DF004CCA02 /* Model */,
				B6928FB32946F7DD004CCA02 /* ViewModel */,
				B6928FB22946F7D7004CCA02 /* Views */,
				B6928F872946F79F004CCA02 /* Assets.xcassets */,
				B6928F892946F79F004CCA02 /* Preview Content */,
			);
			path = EcommerceAssignentApp;
			sourceTree = "<group>";
		};
		B6928F892946F79F004CCA02 /* Preview Content */ = {
			isa = PBXGroup;
			children = (
				B6928F8A2946F79F004CCA02 /* Preview Assets.xcassets */,
			);
			path = "Preview Content";
			sourceTree = "<group>";
		};
		B6928F932946F7A0004CCA02 /* EcommerceAssignentAppTests */ = {
			isa = PBXGroup;
			children = (
				B6928F942946F7A0004CCA02 /* EcommerceAssignentAppTests.swift */,
			);
			path = EcommerceAssignentAppTests;
			sourceTree = "<group>";
		};
		B6928F9D2946F7A0004CCA02 /* EcommerceAssignentAppUITests */ = {
			isa = PBXGroup;
			children = (
				B6928F9E2946F7A0004CCA02 /* EcommerceAssignentAppUITests.swift */,
				B6928FA02946F7A0004CCA02 /* EcommerceAssignentAppUITestsLaunchTests.swift */,
			);
			path = EcommerceAssignentAppUITests;
			sourceTree = "<group>";
		};
		B6928FB22946F7D7004CCA02 /* Views */ = {
			isa = PBXGroup;
			children = (
				B6928FDB2946F9A5004CCA02 /* ProductListCell.swift */,
				B6928FDC2946F9A5004CCA02 /* TabBar.swift */,
				B6928FD12946F986004CCA02 /* CartView.swift */,
				B6928FD52946F987004CCA02 /* ContentView.swift */,
				B6928FD42946F986004CCA02 /* ProductDetailView.swift */,
				B6928FD22946F986004CCA02 /* ProductsView.swift */,
				B6928FD32946F986004CCA02 /* RatingView.swift */,
			);
			path = Views;
			sourceTree = "<group>";
		};
		B6928FB32946F7DD004CCA02 /* ViewModel */ = {
			isa = PBXGroup;
			children = (
				B6928FCD2946F961004CCA02 /* CartRow.swift */,
				B6928FCE2946F961004CCA02 /* DataStore.swift */,
			);
			path = ViewModel;
			sourceTree = "<group>";
		};
		B6928FB42946F7DF004CCA02 /* Model */ = {
			isa = PBXGroup;
			children = (
				B6928FBE2946F8CB004CCA02 /* ProductModel.swift */,
				B6928FC02946F8E0004CCA02 /* APIModel */,
			);
			path = Model;
			sourceTree = "<group>";
		};
		B6928FB52946F7E2004CCA02 /* Data */ = {
			isa = PBXGroup;
			children = (
				B6928FB82946F89B004CCA02 /* ImageCache.swift */,
				B6928FB92946F89B004CCA02 /* ImageLoader.swift */,
				B6928FB72946F89B004CCA02 /* ImagesStorage.swift */,
				B6928FB62946F89B004CCA02 /* NetworkManager.swift */,
			);
			path = Data;
			sourceTree = "<group>";
		};
		B6928FC02946F8E0004CCA02 /* APIModel */ = {
			isa = PBXGroup;
			children = (
				B6928FC12946F8F4004CCA02 /* Messages.swift */,
				B6928FC32946F8F5004CCA02 /* Price.swift */,
				B6928FC52946F8F5004CCA02 /* ProductBaseModel.swift */,
				B6928FC22946F8F5004CCA02 /* Products.swift */,
				B6928FC42946F8F5004CCA02 /* PurchaseTypes.swift */,
				B6928FC62946F8F5004CCA02 /* Sash.swift */,
			);
			path = APIModel;
			sourceTree = "<group>";
		};
/* End PBXGroup section */

/* Begin PBXNativeTarget section */
		B6928F7F2946F799004CCA02 /* EcommerceAssignentApp */ = {
			isa = PBXNativeTarget;
			buildConfigurationList = B6928FA42946F7A0004CCA02 /* Build configuration list for PBXNativeTarget "EcommerceAssignentApp" */;
			buildPhases = (
				B6928F7C2946F799004CCA02 /* Sources */,
				B6928F7D2946F799004CCA02 /* Frameworks */,
				B6928F7E2946F799004CCA02 /* Resources */,
			);
			buildRules = (
			);
			dependencies = (
			);
			name = EcommerceAssignentApp;
			productName = EcommerceAssignentApp;
			productReference = B6928F802946F799004CCA02 /* EcommerceAssignentApp.app */;
			productType = "com.apple.product-type.application";
		};
		B6928F8F2946F7A0004CCA02 /* EcommerceAssignentAppTests */ = {
			isa = PBXNativeTarget;
			buildConfigurationList = B6928FA72946F7A0004CCA02 /* Build configuration list for PBXNativeTarget "EcommerceAssignentAppTests" */;
			buildPhases = (
				B6928F8C2946F7A0004CCA02 /* Sources */,
				B6928F8D2946F7A0004CCA02 /* Frameworks */,
				B6928F8E2946F7A0004CCA02 /* Resources */,
			);
			buildRules = (
			);
			dependencies = (
				B6928F922946F7A0004CCA02 /* PBXTargetDependency */,
			);
			name = EcommerceAssignentAppTests;
			productName = EcommerceAssignentAppTests;
			productReference = B6928F902946F7A0004CCA02 /* EcommerceAssignentAppTests.xctest */;
			productType = "com.apple.product-type.bundle.unit-test";
		};
		B6928F992946F7A0004CCA02 /* EcommerceAssignentAppUITests */ = {
			isa = PBXNativeTarget;
			buildConfigurationList = B6928FAA2946F7A0004CCA02 /* Build configuration list for PBXNativeTarget "EcommerceAssignentAppUITests" */;
			buildPhases = (
				B6928F962946F7A0004CCA02 /* Sources */,
				B6928F972946F7A0004CCA02 /* Frameworks */,
				B6928F982946F7A0004CCA02 /* Resources */,
			);
			buildRules = (
			);
			dependencies = (
				B6928F9C2946F7A0004CCA02 /* PBXTargetDependency */,
			);
			name = EcommerceAssignentAppUITests;
			productName = EcommerceAssignentAppUITests;
			productReference = B6928F9A2946F7A0004CCA02 /* EcommerceAssignentAppUITests.xctest */;
			productType = "com.apple.product-type.bundle.ui-testing";
		};
/* End PBXNativeTarget section */

/* Begin PBXProject section */
		B6928F782946F799004CCA02 /* Project object */ = {
			isa = PBXProject;
			attributes = {
				BuildIndependentTargetsInParallel = 1;
				LastSwiftUpdateCheck = 1400;
				LastUpgradeCheck = 1400;
				TargetAttributes = {
					B6928F7F2946F799004CCA02 = {
						CreatedOnToolsVersion = 14.0;
					};
					B6928F8F2946F7A0004CCA02 = {
						CreatedOnToolsVersion = 14.0;
						TestTargetID = B6928F7F2946F799004CCA02;
					};
					B6928F992946F7A0004CCA02 = {
						CreatedOnToolsVersion = 14.0;
						TestTargetID = B6928F7F2946F799004CCA02;
					};
				};
			};
			buildConfigurationList = B6928F7B2946F799004CCA02 /* Build configuration list for PBXProject "EcommerceAssignentApp" */;
			compatibilityVersion = "Xcode 14.0";
			developmentRegion = en;
			hasScannedForEncodings = 0;
			knownRegions = (
				en,
				Base,
			);
			mainGroup = B6928F772946F799004CCA02;
			productRefGroup = B6928F812946F799004CCA02 /* Products */;
			projectDirPath = "";
			projectRoot = "";
			targets = (
				B6928F7F2946F799004CCA02 /* EcommerceAssignentApp */,
				B6928F8F2946F7A0004CCA02 /* EcommerceAssignentAppTests */,
				B6928F992946F7A0004CCA02 /* EcommerceAssignentAppUITests */,
			);
		};
/* End PBXProject section */

/* Begin PBXResourcesBuildPhase section */
		B6928F7E2946F799004CCA02 /* Resources */ = {
			isa = PBXResourcesBuildPhase;
			buildActionMask = 2147483647;
			files = (
				B6928F8B2946F79F004CCA02 /* Preview Assets.xcassets in Resources */,
				B6928F882946F79F004CCA02 /* Assets.xcassets in Resources */,
			);
			runOnlyForDeploymentPostprocessing = 0;
		};
		B6928F8E2946F7A0004CCA02 /* Resources */ = {
			isa = PBXResourcesBuildPhase;
			buildActionMask = 2147483647;
			files = (
			);
			runOnlyForDeploymentPostprocessing = 0;
		};
		B6928F982946F7A0004CCA02 /* Resources */ = {
			isa = PBXResourcesBuildPhase;
			buildActionMask = 2147483647;
			files = (
			);
			runOnlyForDeploymentPostprocessing = 0;
		};
/* End PBXResourcesBuildPhase section */

/* Begin PBXSourcesBuildPhase section */
		B6928F7C2946F799004CCA02 /* Sources */ = {
			isa = PBXSourcesBuildPhase;
			buildActionMask = 2147483647;
			files = (
				B6928FC82946F8F5004CCA02 /* Products.swift in Sources */,
				B6928FBC2946F89B004CCA02 /* ImageCache.swift in Sources */,
				B6928FDD2946F9A5004CCA02 /* ProductListCell.swift in Sources */,
				B6928FCB2946F8F5004CCA02 /* ProductBaseModel.swift in Sources */,
				B6928FD82946F987004CCA02 /* RatingView.swift in Sources */,
				B6928FCA2946F8F5004CCA02 /* PurchaseTypes.swift in Sources */,
				B6928FD92946F987004CCA02 /* ProductDetailView.swift in Sources */,
				B6928FDA2946F987004CCA02 /* ContentView.swift in Sources */,
				B6928FC72946F8F5004CCA02 /* Messages.swift in Sources */,
				B6928FCC2946F8F5004CCA02 /* Sash.swift in Sources */,
				B6928FCF2946F962004CCA02 /* CartRow.swift in Sources */,
				B6928FC92946F8F5004CCA02 /* Price.swift in Sources */,
				B6928FBA2946F89B004CCA02 /* NetworkManager.swift in Sources */,
				B6928FBD2946F89B004CCA02 /* ImageLoader.swift in Sources */,
				B6928FBB2946F89B004CCA02 /* ImagesStorage.swift in Sources */,
				B6928FD72946F987004CCA02 /* ProductsView.swift in Sources */,
				B6928FBF2946F8CB004CCA02 /* ProductModel.swift in Sources */,
				B6928FD02946F962004CCA02 /* DataStore.swift in Sources */,
				B6928FDE2946F9A5004CCA02 /* TabBar.swift in Sources */,
				B6928FD62946F987004CCA02 /* CartView.swift in Sources */,
				B6928F842946F799004CCA02 /* EcommerceAssignentAppApp.swift in Sources */,
			);
			runOnlyForDeploymentPostprocessing = 0;
		};
		B6928F8C2946F7A0004CCA02 /* Sources */ = {
			isa = PBXSourcesBuildPhase;
			buildActionMask = 2147483647;
			files = (
				B6928F952946F7A0004CCA02 /* EcommerceAssignentAppTests.swift in Sources */,
			);
			runOnlyForDeploymentPostprocessing = 0;
		};
		B6928F962946F7A0004CCA02 /* Sources */ = {
			isa = PBXSourcesBuildPhase;
			buildActionMask = 2147483647;
			files = (
				B6928FA12946F7A0004CCA02 /* EcommerceAssignentAppUITestsLaunchTests.swift in Sources */,
				B6928F9F2946F7A0004CCA02 /* EcommerceAssignentAppUITests.swift in Sources */,
			);
			runOnlyForDeploymentPostprocessing = 0;
		};
/* End PBXSourcesBuildPhase section */

/* Begin PBXTargetDependency section */
		B6928F922946F7A0004CCA02 /* PBXTargetDependency */ = {
			isa = PBXTargetDependency;
			target = B6928F7F2946F799004CCA02 /* EcommerceAssignentApp */;
			targetProxy = B6928F912946F7A0004CCA02 /* PBXContainerItemProxy */;
		};
		B6928F9C2946F7A0004CCA02 /* PBXTargetDependency */ = {
			isa = PBXTargetDependency;
			target = B6928F7F2946F799004CCA02 /* EcommerceAssignentApp */;
			targetProxy = B6928F9B2946F7A0004CCA02 /* PBXContainerItemProxy */;
		};
/* End PBXTargetDependency section */

/* Begin XCBuildConfiguration section */
		B6928FA22946F7A0004CCA02 /* Debug */ = {
			isa = XCBuildConfiguration;
			buildSettings = {
				ALWAYS_SEARCH_USER_PATHS = NO;
				CLANG_ANALYZER_NONNULL = YES;
				CLANG_ANALYZER_NUMBER_OBJECT_CONVERSION = YES_AGGRESSIVE;
				CLANG_CXX_LANGUAGE_STANDARD = "gnu++20";
				CLANG_ENABLE_MODULES = YES;
				CLANG_ENABLE_OBJC_ARC = YES;
				CLANG_ENABLE_OBJC_WEAK = YES;
				CLANG_WARN_BLOCK_CAPTURE_AUTORELEASING = YES;
				CLANG_WARN_BOOL_CONVERSION = YES;
				CLANG_WARN_COMMA = YES;
				CLANG_WARN_CONSTANT_CONVERSION = YES;
				CLANG_WARN_DEPRECATED_OBJC_IMPLEMENTATIONS = YES;
				CLANG_WARN_DIRECT_OBJC_ISA_USAGE = YES_ERROR;
				CLANG_WARN_DOCUMENTATION_COMMENTS = YES;
				CLANG_WARN_EMPTY_BODY = YES;
				CLANG_WARN_ENUM_CONVERSION = YES;
				CLANG_WARN_INFINITE_RECURSION = YES;
				CLANG_WARN_INT_CONVERSION = YES;
				CLANG_WARN_NON_LITERAL_NULL_CONVERSION = YES;
				CLANG_WARN_OBJC_IMPLICIT_RETAIN_SELF = YES;
				CLANG_WARN_OBJC_LITERAL_CONVERSION = YES;
				CLANG_WARN_OBJC_ROOT_CLASS = YES_ERROR;
				CLANG_WARN_QUOTED_INCLUDE_IN_FRAMEWORK_HEADER = YES;
				CLANG_WARN_RANGE_LOOP_ANALYSIS = YES;
				CLANG_WARN_STRICT_PROTOTYPES = YES;
				CLANG_WARN_SUSPICIOUS_MOVE = YES;
				CLANG_WARN_UNGUARDED_AVAILABILITY = YES_AGGRESSIVE;
				CLANG_WARN_UNREACHABLE_CODE = YES;
				CLANG_WARN__DUPLICATE_METHOD_MATCH = YES;
				COPY_PHASE_STRIP = NO;
				DEBUG_INFORMATION_FORMAT = dwarf;
				ENABLE_STRICT_OBJC_MSGSEND = YES;
				ENABLE_TESTABILITY = YES;
				GCC_C_LANGUAGE_STANDARD = gnu11;
				GCC_DYNAMIC_NO_PIC = NO;
				GCC_NO_COMMON_BLOCKS = YES;
				GCC_OPTIMIZATION_LEVEL = 0;
				GCC_PREPROCESSOR_DEFINITIONS = (
					"DEBUG=1",
					"$(inherited)",
				);
				GCC_WARN_64_TO_32_BIT_CONVERSION = YES;
				GCC_WARN_ABOUT_RETURN_TYPE = YES_ERROR;
				GCC_WARN_UNDECLARED_SELECTOR = YES;
				GCC_WARN_UNINITIALIZED_AUTOS = YES_AGGRESSIVE;
				GCC_WARN_UNUSED_FUNCTION = YES;
				GCC_WARN_UNUSED_VARIABLE = YES;
				IPHONEOS_DEPLOYMENT_TARGET = 16.0;
				MTL_ENABLE_DEBUG_INFO = INCLUDE_SOURCE;
				MTL_FAST_MATH = YES;
				ONLY_ACTIVE_ARCH = YES;
				SDKROOT = iphoneos;
				SWIFT_ACTIVE_COMPILATION_CONDITIONS = DEBUG;
				SWIFT_OPTIMIZATION_LEVEL = "-Onone";
			};
			name = Debug;
		};
		B6928FA32946F7A0004CCA02 /* Release */ = {
			isa = XCBuildConfiguration;
			buildSettings = {
				ALWAYS_SEARCH_USER_PATHS = NO;
				CLANG_ANALYZER_NONNULL = YES;
				CLANG_ANALYZER_NUMBER_OBJECT_CONVERSION = YES_AGGRESSIVE;
				CLANG_CXX_LANGUAGE_STANDARD = "gnu++20";
				CLANG_ENABLE_MODULES = YES;
				CLANG_ENABLE_OBJC_ARC = YES;
				CLANG_ENABLE_OBJC_WEAK = YES;
				CLANG_WARN_BLOCK_CAPTURE_AUTORELEASING = YES;
				CLANG_WARN_BOOL_CONVERSION = YES;
				CLANG_WARN_COMMA = YES;
				CLANG_WARN_CONSTANT_CONVERSION = YES;
				CLANG_WARN_DEPRECATED_OBJC_IMPLEMENTATIONS = YES;
				CLANG_WARN_DIRECT_OBJC_ISA_USAGE = YES_ERROR;
				CLANG_WARN_DOCUMENTATION_COMMENTS = YES;
				CLANG_WARN_EMPTY_BODY = YES;
				CLANG_WARN_ENUM_CONVERSION = YES;
				CLANG_WARN_INFINITE_RECURSION = YES;
				CLANG_WARN_INT_CONVERSION = YES;
				CLANG_WARN_NON_LITERAL_NULL_CONVERSION = YES;
				CLANG_WARN_OBJC_IMPLICIT_RETAIN_SELF = YES;
				CLANG_WARN_OBJC_LITERAL_CONVERSION = YES;
				CLANG_WARN_OBJC_ROOT_CLASS = YES_ERROR;
				CLANG_WARN_QUOTED_INCLUDE_IN_FRAMEWORK_HEADER = YES;
				CLANG_WARN_RANGE_LOOP_ANALYSIS = YES;
				CLANG_WARN_STRICT_PROTOTYPES = YES;
				CLANG_WARN_SUSPICIOUS_MOVE = YES;
				CLANG_WARN_UNGUARDED_AVAILABILITY = YES_AGGRESSIVE;
				CLANG_WARN_UNREACHABLE_CODE = YES;
				CLANG_WARN__DUPLICATE_METHOD_MATCH = YES;
				COPY_PHASE_STRIP = NO;
				DEBUG_INFORMATION_FORMAT = "dwarf-with-dsym";
				ENABLE_NS_ASSERTIONS = NO;
				ENABLE_STRICT_OBJC_MSGSEND = YES;
				GCC_C_LANGUAGE_STANDARD = gnu11;
				GCC_NO_COMMON_BLOCKS = YES;
				GCC_WARN_64_TO_32_BIT_CONVERSION = YES;
				GCC_WARN_ABOUT_RETURN_TYPE = YES_ERROR;
				GCC_WARN_UNDECLARED_SELECTOR = YES;
				GCC_WARN_UNINITIALIZED_AUTOS = YES_AGGRESSIVE;
				GCC_WARN_UNUSED_FUNCTION = YES;
				GCC_WARN_UNUSED_VARIABLE = YES;
				IPHONEOS_DEPLOYMENT_TARGET = 16.0;
				MTL_ENABLE_DEBUG_INFO = NO;
				MTL_FAST_MATH = YES;
				SDKROOT = iphoneos;
				SWIFT_COMPILATION_MODE = wholemodule;
				SWIFT_OPTIMIZATION_LEVEL = "-O";
				VALIDATE_PRODUCT = YES;
			};
			name = Release;
		};
		B6928FA52946F7A0004CCA02 /* Debug */ = {
			isa = XCBuildConfiguration;
			buildSettings = {
				ASSETCATALOG_COMPILER_APPICON_NAME = AppIcon;
				ASSETCATALOG_COMPILER_GLOBAL_ACCENT_COLOR_NAME = AccentColor;
				CODE_SIGN_STYLE = Automatic;
				CURRENT_PROJECT_VERSION = 1;
				DEVELOPMENT_ASSET_PATHS = "\"EcommerceAssignentApp/Preview Content\"";
				DEVELOPMENT_TEAM = E2765DH6Y3;
				ENABLE_PREVIEWS = YES;
				GENERATE_INFOPLIST_FILE = YES;
				INFOPLIST_KEY_UIApplicationSceneManifest_Generation = YES;
				INFOPLIST_KEY_UIApplicationSupportsIndirectInputEvents = YES;
				INFOPLIST_KEY_UILaunchScreen_Generation = YES;
				INFOPLIST_KEY_UISupportedInterfaceOrientations_iPad = "UIInterfaceOrientationPortrait UIInterfaceOrientationPortraitUpsideDown UIInterfaceOrientationLandscapeLeft UIInterfaceOrientationLandscapeRight";
				INFOPLIST_KEY_UISupportedInterfaceOrientations_iPhone = "UIInterfaceOrientationPortrait UIInterfaceOrientationLandscapeLeft UIInterfaceOrientationLandscapeRight";
				IPHONEOS_DEPLOYMENT_TARGET = 14.0;
				LD_RUNPATH_SEARCH_PATHS = (
					"$(inherited)",
					"@executable_path/Frameworks",
				);
				MARKETING_VERSION = 1.0;
				PRODUCT_BUNDLE_IDENTIFIER = APM.EcommerceAssignentApp;
				PRODUCT_NAME = "$(TARGET_NAME)";
				SWIFT_EMIT_LOC_STRINGS = YES;
				SWIFT_VERSION = 5.0;
				TARGETED_DEVICE_FAMILY = "1,2";
			};
			name = Debug;
		};
		B6928FA62946F7A0004CCA02 /* Release */ = {
			isa = XCBuildConfiguration;
			buildSettings = {
				ASSETCATALOG_COMPILER_APPICON_NAME = AppIcon;
				ASSETCATALOG_COMPILER_GLOBAL_ACCENT_COLOR_NAME = AccentColor;
				CODE_SIGN_STYLE = Automatic;
				CURRENT_PROJECT_VERSION = 1;
				DEVELOPMENT_ASSET_PATHS = "\"EcommerceAssignentApp/Preview Content\"";
				DEVELOPMENT_TEAM = E2765DH6Y3;
				ENABLE_PREVIEWS = YES;
				GENERATE_INFOPLIST_FILE = YES;
				INFOPLIST_KEY_UIApplicationSceneManifest_Generation = YES;
				INFOPLIST_KEY_UIApplicationSupportsIndirectInputEvents = YES;
				INFOPLIST_KEY_UILaunchScreen_Generation = YES;
				INFOPLIST_KEY_UISupportedInterfaceOrientations_iPad = "UIInterfaceOrientationPortrait UIInterfaceOrientationPortraitUpsideDown UIInterfaceOrientationLandscapeLeft UIInterfaceOrientationLandscapeRight";
				INFOPLIST_KEY_UISupportedInterfaceOrientations_iPhone = "UIInterfaceOrientationPortrait UIInterfaceOrientationLandscapeLeft UIInterfaceOrientationLandscapeRight";
				IPHONEOS_DEPLOYMENT_TARGET = 14.0;
				LD_RUNPATH_SEARCH_PATHS = (
					"$(inherited)",
					"@executable_path/Frameworks",
				);
				MARKETING_VERSION = 1.0;
				PRODUCT_BUNDLE_IDENTIFIER = APM.EcommerceAssignentApp;
				PRODUCT_NAME = "$(TARGET_NAME)";
				SWIFT_EMIT_LOC_STRINGS = YES;
				SWIFT_VERSION = 5.0;
				TARGETED_DEVICE_FAMILY = "1,2";
			};
			name = Release;
		};
		B6928FA82946F7A0004CCA02 /* Debug */ = {
			isa = XCBuildConfiguration;
			buildSettings = {
				ALWAYS_EMBED_SWIFT_STANDARD_LIBRARIES = YES;
				BUNDLE_LOADER = "$(TEST_HOST)";
				CODE_SIGN_STYLE = Automatic;
				CURRENT_PROJECT_VERSION = 1;
				DEVELOPMENT_TEAM = E2765DH6Y3;
				GENERATE_INFOPLIST_FILE = YES;
				IPHONEOS_DEPLOYMENT_TARGET = 16.0;
				MARKETING_VERSION = 1.0;
				PRODUCT_BUNDLE_IDENTIFIER = APM.EcommerceAssignentAppTests;
				PRODUCT_NAME = "$(TARGET_NAME)";
				SWIFT_EMIT_LOC_STRINGS = NO;
				SWIFT_VERSION = 5.0;
				TARGETED_DEVICE_FAMILY = "1,2";
				TEST_HOST = "$(BUILT_PRODUCTS_DIR)/EcommerceAssignentApp.app/$(BUNDLE_EXECUTABLE_FOLDER_PATH)/EcommerceAssignentApp";
			};
			name = Debug;
		};
		B6928FA92946F7A0004CCA02 /* Release */ = {
			isa = XCBuildConfiguration;
			buildSettings = {
				ALWAYS_EMBED_SWIFT_STANDARD_LIBRARIES = YES;
				BUNDLE_LOADER = "$(TEST_HOST)";
				CODE_SIGN_STYLE = Automatic;
				CURRENT_PROJECT_VERSION = 1;
				DEVELOPMENT_TEAM = E2765DH6Y3;
				GENERATE_INFOPLIST_FILE = YES;
				IPHONEOS_DEPLOYMENT_TARGET = 16.0;
				MARKETING_VERSION = 1.0;
				PRODUCT_BUNDLE_IDENTIFIER = APM.EcommerceAssignentAppTests;
				PRODUCT_NAME = "$(TARGET_NAME)";
				SWIFT_EMIT_LOC_STRINGS = NO;
				SWIFT_VERSION = 5.0;
				TARGETED_DEVICE_FAMILY = "1,2";
				TEST_HOST = "$(BUILT_PRODUCTS_DIR)/EcommerceAssignentApp.app/$(BUNDLE_EXECUTABLE_FOLDER_PATH)/EcommerceAssignentApp";
			};
			name = Release;
		};
		B6928FAB2946F7A0004CCA02 /* Debug */ = {
			isa = XCBuildConfiguration;
			buildSettings = {
				ALWAYS_EMBED_SWIFT_STANDARD_LIBRARIES = YES;
				CODE_SIGN_STYLE = Automatic;
				CURRENT_PROJECT_VERSION = 1;
				DEVELOPMENT_TEAM = E2765DH6Y3;
				GENERATE_INFOPLIST_FILE = YES;
				MARKETING_VERSION = 1.0;
				PRODUCT_BUNDLE_IDENTIFIER = APM.EcommerceAssignentAppUITests;
				PRODUCT_NAME = "$(TARGET_NAME)";
				SWIFT_EMIT_LOC_STRINGS = NO;
				SWIFT_VERSION = 5.0;
				TARGETED_DEVICE_FAMILY = "1,2";
				TEST_TARGET_NAME = EcommerceAssignentApp;
			};
			name = Debug;
		};
		B6928FAC2946F7A0004CCA02 /* Release */ = {
			isa = XCBuildConfiguration;
			buildSettings = {
				ALWAYS_EMBED_SWIFT_STANDARD_LIBRARIES = YES;
				CODE_SIGN_STYLE = Automatic;
				CURRENT_PROJECT_VERSION = 1;
				DEVELOPMENT_TEAM = E2765DH6Y3;
				GENERATE_INFOPLIST_FILE = YES;
				MARKETING_VERSION = 1.0;
				PRODUCT_BUNDLE_IDENTIFIER = APM.EcommerceAssignentAppUITests;
				PRODUCT_NAME = "$(TARGET_NAME)";
				SWIFT_EMIT_LOC_STRINGS = NO;
				SWIFT_VERSION = 5.0;
				TARGETED_DEVICE_FAMILY = "1,2";
				TEST_TARGET_NAME = EcommerceAssignentApp;
			};
			name = Release;
		};
/* End XCBuildConfiguration section */

/* Begin XCConfigurationList section */
		B6928F7B2946F799004CCA02 /* Build configuration list for PBXProject "EcommerceAssignentApp" */ = {
			isa = XCConfigurationList;
			buildConfigurations = (
				B6928FA22946F7A0004CCA02 /* Debug */,
				B6928FA32946F7A0004CCA02 /* Release */,
			);
			defaultConfigurationIsVisible = 0;
			defaultConfigurationName = Release;
		};
		B6928FA42946F7A0004CCA02 /* Build configuration list for PBXNativeTarget "EcommerceAssignentApp" */ = {
			isa = XCConfigurationList;
			buildConfigurations = (
				B6928FA52946F7A0004CCA02 /* Debug */,
				B6928FA62946F7A0004CCA02 /* Release */,
			);
			defaultConfigurationIsVisible = 0;
			defaultConfigurationName = Release;
		};
		B6928FA72946F7A0004CCA02 /* Build configuration list for PBXNativeTarget "EcommerceAssignentAppTests" */ = {
			isa = XCConfigurationList;
			buildConfigurations = (
				B6928FA82946F7A0004CCA02 /* Debug */,
				B6928FA92946F7A0004CCA02 /* Release */,
			);
			defaultConfigurationIsVisible = 0;
			defaultConfigurationName = Release;
		};
		B6928FAA2946F7A0004CCA02 /* Build configuration list for PBXNativeTarget "EcommerceAssignentAppUITests" */ = {
			isa = XCConfigurationList;
			buildConfigurations = (
				B6928FAB2946F7A0004CCA02 /* Debug */,
				B6928FAC2946F7A0004CCA02 /* Release */,
			);
			defaultConfigurationIsVisible = 0;
			defaultConfigurationName = Release;
		};
/* End XCConfigurationList section */
	};
	rootObject = B6928F782946F799004CCA02 /* Project object */;
}
